PODS:
  - AFNetworking (2.5.0):
    - AFNetworking/NSURLConnection
    - AFNetworking/NSURLSession
    - AFNetworking/Reachability
    - AFNetworking/Security
    - AFNetworking/Serialization
    - AFNetworking/UIKit
  - AFNetworking/NSURLConnection (2.5.0):
    - AFNetworking/Reachability
    - AFNetworking/Security
    - AFNetworking/Serialization
  - AFNetworking/NSURLSession (2.5.0):
    - AFNetworking/Reachability
    - AFNetworking/Security
    - AFNetworking/Serialization
  - AFNetworking/Reachability (2.5.0)
  - AFNetworking/Security (2.5.0)
  - AFNetworking/Serialization (2.5.0)
  - AFNetworking/UIKit (2.5.0):
    - AFNetworking/NSURLConnection
    - AFNetworking/NSURLSession
  - FMDB (2.4):
    - FMDB/standard
  - FMDB/common (2.4)
  - FMDB/standard (2.4):
    - FMDB/common
  - ISCache (0.0.1):
    - AFNetworking (~> 2.0)
    - FMDB
    - ISUtilities
    - NSString-Hashes (~> 1.2.1)
  - ISUtilities (1.0.1)
  - NSString-Hashes (1.2.2)

DEPENDENCIES:
  - ISCache (from `../`)
  - ISUtilities (from `../Dependencies/ISUtilities`)

EXTERNAL SOURCES:
  ISCache:
    :path: ../
  ISUtilities:
    :path: ../Dependencies/ISUtilities

SPEC CHECKSUMS:
  AFNetworking: 0f54cb5d16ce38c1b76948faffb8d5fb705021c7
  FMDB: 0b2fa25e5264ef177973c0cb8c02c711107979aa
  ISCache: 871fadd9ebaf5b1a44021c615a4a382cc98cb826
  ISUtilities: b015eb6f4dd9b8492a3e6bacceb50738f4f53c53
  NSString-Hashes: ddf6e856e93d3c83c5d4ef8fcdea2a96ed77c6bc

COCOAPODS: 0.33.1
